
Microsoft Visual Studio Solution File, Format Version 12.00
# Visual Studio Version 17
VisualStudioVersion = 17.1.32210.238
MinimumVisualStudioVersion = 10.0.40219.1
Project("{9A19103F-16F7-4668-BE54-9A1E7A4F7556}") = "DataServer", "DataServer\DataServer.csproj", "{D0A0373B-4B08-48D9-A190-4BC8D4607EE0}"
EndProject
Project("{FAE04EC0-301F-11D3-BF4B-00C04F79EFBC}") = "RestApi", "RestApi\RestApi.csproj", "{9329DB67-365E-4F78-9A31-1DBD163A5D27}"
EndProject
Project("{FAE04EC0-301F-11D3-BF4B-00C04F79EFBC}") = "Models", "Models\Models.csproj", "{D401649E-B787-4B2A-BD85-B62B83B0C351}"
EndProject
Global
	GlobalSection(SolutionConfigurationPlatforms) = preSolution
		Debug|Any CPU = Debug|Any CPU
		Release|Any CPU = Release|Any CPU
	EndGlobalSection
	GlobalSection(ProjectConfigurationPlatforms) = postSolution
		{D0A0373B-4B08-48D9-A190-4BC8D4607EE0}.Debug|Any CPU.ActiveCfg = Debug|Any CPU
		{D0A0373B-4B08-48D9-A190-4BC8D4607EE0}.Debug|Any CPU.Build.0 = Debug|Any CPU
		{D0A0373B-4B08-48D9-A190-4BC8D4607EE0}.Release|Any CPU.ActiveCfg = Release|Any CPU
		{D0A0373B-4B08-48D9-A190-4BC8D4607EE0}.Release|Any CPU.Build.0 = Release|Any CPU
		{9329DB67-365E-4F78-9A31-1DBD163A5D27}.Debug|Any CPU.ActiveCfg = Debug|Any CPU
		{9329DB67-365E-4F78-9A31-1DBD163A5D27}.Debug|Any CPU.Build.0 = Debug|Any CPU
		{9329DB67-365E-4F78-9A31-1DBD163A5D27}.Release|Any CPU.ActiveCfg = Release|Any CPU
		{9329DB67-365E-4F78-9A31-1DBD163A5D27}.Release|Any CPU.Build.0 = Release|Any CPU
		{D401649E-B787-4B2A-BD85-B62B83B0C351}.Debug|Any CPU.ActiveCfg = Debug|Any CPU
		{D401649E-B787-4B2A-BD85-B62B83B0C351}.Debug|Any CPU.Build.0 = Debug|Any CPU
		{D401649E-B787-4B2A-BD85-B62B83B0C351}.Release|Any CPU.ActiveCfg = Release|Any CPU
		{D401649E-B787-4B2A-BD85-B62B83B0C351}.Release|Any CPU.Build.0 = Release|Any CPU
	EndGlobalSection
	GlobalSection(SolutionProperties) = preSolution
		HideSolutionNode = FALSE
	EndGlobalSection
	GlobalSection(ExtensibilityGlobals) = postSolution
		SolutionGuid = {0306E1A7-9F76-4DE8-83A9-A714735174C5}
	EndGlobalSection
EndGlobal
