
Microsoft Visual Studio Solution File, Format Version 12.00
# Visual Studio Version 17
VisualStudioVersion = 17.1.32210.238
MinimumVisualStudioVersion = 10.0.40219.1
Project("{9A19103F-16F7-4668-BE54-9A1E7A4F7556}") = "DataServer", "DataServer\DataServer.csproj", "{D0A0373B-4B08-48D9-A190-4BC8D4607EE0}"
EndProject
Project("{9A19103F-16F7-4668-BE54-9A1E7A4F7556}") = "Api", "Api\Api.csproj", "{E1B1354B-55AD-4E94-A9F7-963914BBDBDF}"
EndProject
Project("{9A19103F-16F7-4668-BE54-9A1E7A4F7556}") = "Api.RestApi", "Api\RestApi\Api.RestApi.csproj", "{B747029F-1C6D-43F4-97C4-E56A3041C020}"
EndProject
Project("{9A19103F-16F7-4668-BE54-9A1E7A4F7556}") = "Core", "Core\Core.csproj", "{CFB83222-9266-49E7-990C-DA90F9BE9BB3}"
EndProject
Project("{9A19103F-16F7-4668-BE54-9A1E7A4F7556}") = "Data", "Data\Data.csproj", "{A2E616FA-D6CE-49F4-B134-A3B7F266C6A1}"
EndProject
Project("{9A19103F-16F7-4668-BE54-9A1E7A4F7556}") = "Api.BridgeIot", "Api\BridgeIot\Api.BridgeIot.csproj", "{3BF024DD-B9F0-40C3-A738-B72F552E9A6B}"
EndProject
Project("{FAE04EC0-301F-11D3-BF4B-00C04F79EFBC}") = "DummyDataGenerator", "DummyDataGenerator\DummyDataGenerator.csproj", "{E674CF22-78AB-481D-A526-430F94B06622}"
EndProject
Global
	GlobalSection(SolutionConfigurationPlatforms) = preSolution
		Debug|Any CPU = Debug|Any CPU
		Release|Any CPU = Release|Any CPU
	EndGlobalSection
	GlobalSection(ProjectConfigurationPlatforms) = postSolution
		{D0A0373B-4B08-48D9-A190-4BC8D4607EE0}.Debug|Any CPU.ActiveCfg = Debug|Any CPU
		{D0A0373B-4B08-48D9-A190-4BC8D4607EE0}.Debug|Any CPU.Build.0 = Debug|Any CPU
		{D0A0373B-4B08-48D9-A190-4BC8D4607EE0}.Release|Any CPU.ActiveCfg = Release|Any CPU
		{D0A0373B-4B08-48D9-A190-4BC8D4607EE0}.Release|Any CPU.Build.0 = Release|Any CPU
		{E1B1354B-55AD-4E94-A9F7-963914BBDBDF}.Debug|Any CPU.ActiveCfg = Debug|Any CPU
		{E1B1354B-55AD-4E94-A9F7-963914BBDBDF}.Debug|Any CPU.Build.0 = Debug|Any CPU
		{E1B1354B-55AD-4E94-A9F7-963914BBDBDF}.Release|Any CPU.ActiveCfg = Release|Any CPU
		{E1B1354B-55AD-4E94-A9F7-963914BBDBDF}.Release|Any CPU.Build.0 = Release|Any CPU
		{B747029F-1C6D-43F4-97C4-E56A3041C020}.Debug|Any CPU.ActiveCfg = Debug|Any CPU
		{B747029F-1C6D-43F4-97C4-E56A3041C020}.Debug|Any CPU.Build.0 = Debug|Any CPU
		{B747029F-1C6D-43F4-97C4-E56A3041C020}.Release|Any CPU.ActiveCfg = Release|Any CPU
		{B747029F-1C6D-43F4-97C4-E56A3041C020}.Release|Any CPU.Build.0 = Release|Any CPU
		{CFB83222-9266-49E7-990C-DA90F9BE9BB3}.Debug|Any CPU.ActiveCfg = Debug|Any CPU
		{CFB83222-9266-49E7-990C-DA90F9BE9BB3}.Debug|Any CPU.Build.0 = Debug|Any CPU
		{CFB83222-9266-49E7-990C-DA90F9BE9BB3}.Release|Any CPU.ActiveCfg = Release|Any CPU
		{CFB83222-9266-49E7-990C-DA90F9BE9BB3}.Release|Any CPU.Build.0 = Release|Any CPU
		{A2E616FA-D6CE-49F4-B134-A3B7F266C6A1}.Debug|Any CPU.ActiveCfg = Debug|Any CPU
		{A2E616FA-D6CE-49F4-B134-A3B7F266C6A1}.Debug|Any CPU.Build.0 = Debug|Any CPU
		{A2E616FA-D6CE-49F4-B134-A3B7F266C6A1}.Release|Any CPU.ActiveCfg = Release|Any CPU
		{A2E616FA-D6CE-49F4-B134-A3B7F266C6A1}.Release|Any CPU.Build.0 = Release|Any CPU
		{3BF024DD-B9F0-40C3-A738-B72F552E9A6B}.Debug|Any CPU.ActiveCfg = Debug|Any CPU
		{3BF024DD-B9F0-40C3-A738-B72F552E9A6B}.Debug|Any CPU.Build.0 = Debug|Any CPU
		{3BF024DD-B9F0-40C3-A738-B72F552E9A6B}.Release|Any CPU.ActiveCfg = Release|Any CPU
		{3BF024DD-B9F0-40C3-A738-B72F552E9A6B}.Release|Any CPU.Build.0 = Release|Any CPU
		{E674CF22-78AB-481D-A526-430F94B06622}.Debug|Any CPU.ActiveCfg = Debug|Any CPU
		{E674CF22-78AB-481D-A526-430F94B06622}.Debug|Any CPU.Build.0 = Debug|Any CPU
		{E674CF22-78AB-481D-A526-430F94B06622}.Release|Any CPU.ActiveCfg = Release|Any CPU
		{E674CF22-78AB-481D-A526-430F94B06622}.Release|Any CPU.Build.0 = Release|Any CPU
	EndGlobalSection
	GlobalSection(SolutionProperties) = preSolution
		HideSolutionNode = FALSE
	EndGlobalSection
	GlobalSection(ExtensibilityGlobals) = postSolution
		SolutionGuid = {0306E1A7-9F76-4DE8-83A9-A714735174C5}
	EndGlobalSection
EndGlobal
